<?xml version="1.0" encoding="utf-8"?>
<Project ToolsVersion="4.0" xmlns="http://schemas.microsoft.com/developer/msbuild/2003">
  <ItemGroup>
    <Filter Include="Source Files">
      <UniqueIdentifier>{4FC737F1-C7A5-4376-A066-2A32D752A2FF}</UniqueIdentifier>
      <Extensions>cpp;c;cc;cxx;c++;cppm;ixx;def;odl;idl;hpj;bat;asm;asmx</Extensions>
    </Filter>
    <Filter Include="Header Files">
      <UniqueIdentifier>{93995380-89BD-4b04-88EB-625FBE52EBFB}</UniqueIdentifier>
      <Extensions>h;hh;hpp;hxx;h++;hm;inl;inc;ipp;xsd</Extensions>
    </Filter>
    <Filter Include="Resource Files">
      <UniqueIdentifier>{67DA6AB6-F800-4c08-8B7A-83BB121AAD01}</UniqueIdentifier>
      <Extensions>rc;ico;cur;bmp;dlg;rc2;rct;bin;rgs;gif;jpg;jpeg;jpe;resx;tiff;tif;png;wav;mfcribbon-ms</Extensions>
    </Filter>
    <Filter Include="Header Files\FactoryMethod">
      <UniqueIdentifier>{7bbf0c82-2087-473d-ae68-6ce540c62463}</UniqueIdentifier>
    </Filter>
    <Filter Include="Header Files\Observer">
      <UniqueIdentifier>{66a2f134-4936-4ec1-949f-8741d615b7c9}</UniqueIdentifier>
    </Filter>
    <Filter Include="Header Files\Strategy">
      <UniqueIdentifier>{2108ef12-63c8-49bb-9d71-39e0259dcf47}</UniqueIdentifier>
    </Filter>
    <Filter Include="Header Files\Facade">
      <UniqueIdentifier>{23340eda-aef2-480e-a502-fc5e415a9776}</UniqueIdentifier>
    </Filter>
  </ItemGroup>
  <ItemGroup>
    <ClCompile Include="source\Main.cpp">
      <Filter>Source Files</Filter>
    </ClCompile>
  </ItemGroup>
  <ItemGroup>
    <ClInclude Include="include\Prerequisites.h">
      <Filter>Header Files</Filter>
    </ClInclude>
    <ClInclude Include="include\Data\json.hpp">
      <Filter>Header Files</Filter>
    </ClInclude>
    <ClInclude Include="include\Producto.h">
      <Filter>Header Files</Filter>
    </ClInclude>
    <ClInclude Include="include\FactoryMethod\FactoriaProductos.h">
      <Filter>Header Files\FactoryMethod</Filter>
    </ClInclude>
    <ClInclude Include="include\Inventario.h">
      <Filter>Header Files</Filter>
    </ClInclude>
    <ClInclude Include="include\Observer\Observer.h">
      <Filter>Header Files\Observer</Filter>
    </ClInclude>
    <ClInclude Include="include\Strategy\IPagosStrategy.h">
      <Filter>Header Files\Strategy</Filter>
    </ClInclude>
    <ClInclude Include="include\Strategy\PagoEfectivo.h">
      <Filter>Header Files\Strategy</Filter>
    </ClInclude>
    <ClInclude Include="include\Strategy\PagoTarjeta.h">
      <Filter>Header Files\Strategy</Filter>
    </ClInclude>
    <ClInclude Include="include\Ventas.h">
      <Filter>Header Files</Filter>
    </ClInclude>
    <ClInclude Include="include\Facade\Gasolinera.h">
      <Filter>Header Files\Facade</Filter>
    </ClInclude>
    <ClInclude Include="include\Facade\GasolineraFacade.h">
      <Filter>Header Files\Facade</Filter>
    </ClInclude>
  </ItemGroup>
  <ItemGroup>
    <None Include="bin\data\productos.json">
      <Filter>Header Files</Filter>
    </None>
  </ItemGroup>
</Project>